%{
  "amqp": {:hex, :amqp, "1.1.1", "e902a8e112c9c476995440c4beac867f054dc531de208adc01aa411dd07754a2", [:mix], [{:amqp_client, "~> 3.7.11", [hex: :amqp_client, optional: false]}, {:goldrush, "~> 0.1.0", [hex: :goldrush, optional: false]}, {:jsx, "~> 2.9", [hex: :jsx, optional: false]}, {:lager, "~> 3.6.5", [hex: :lager, optional: false]}, {:rabbit_common, "~> 3.7.11", [hex: :rabbit_common, optional: false]}, {:ranch, "~> 1.7", [hex: :ranch, optional: false]}, {:recon, "~> 2.3.6", [hex: :recon, optional: false]}]},
  "amqp_client": {:hex, :amqp_client, "3.7.13", "7f8a0d0faddfc3a1a76d9fa74bcd7beffe518a464c64faff0509e43da336571a", [:make, :rebar3], [{:rabbit_common, "3.7.13", [hex: :rabbit_common, optional: false]}]},
  "bunt": {:hex, :bunt, "0.2.0", "951c6e801e8b1d2cbe58ebbd3e616a869061ddadcc4863d0a2182541acae9a38", [:mix], []},
  "certifi": {:hex, :certifi, "2.5.1", "867ce347f7c7d78563450a18a6a28a8090331e77fa02380b4a21962a65d36ee5", [:rebar3], [{:parse_trans, "~>3.3", [hex: :parse_trans, optional: false]}]},
  "consul": {:hex, :consul, "1.1.0", "e409bc4e4ef95456a7eb985d831ca6444ec3779b80ca29c0198a20412ea3fa1a", [:mix], [{:exjsx, "~> 3.0", [hex: :exjsx, optional: false]}, {:httpoison, "~> 0.11.0", [hex: :httpoison, optional: false]}]},
  "credo": {:hex, :credo, "1.0.3", "5278e8953f379b41ebe27c75c96d2e154ebc3f75dfe057c8b68c39133c25bb9f", [:mix], [{:bunt, "~> 0.2.0", [hex: :bunt, optional: false]}, {:jason, "~> 1.0", [hex: :jason, optional: false]}]},
  "dialyxir": {:hex, :dialyxir, "0.5.1", "b331b091720fd93e878137add264bac4f644e1ddae07a70bf7062c7862c4b952", [:mix], []},
  "earmark": {:hex, :earmark, "1.3.1", "73812f447f7a42358d3ba79283cfa3075a7580a3a2ed457616d6517ac3738cb9", [:mix], []},
  "eredis": {:hex, :eredis, "1.2.0", "0b8e9cfc2c00fa1374cd107ea63b49be08d933df2cf175e6a89b73dd9c380de4", [:rebar3], []},
  "ex_doc": {:hex, :ex_doc, "0.19.3", "3c7b0f02851f5fc13b040e8e925051452e41248f685e40250d7e40b07b9f8c10", [:mix], [{:earmark, "~> 1.2", [hex: :earmark, optional: false]}, {:makeup_elixir, "~> 0.10", [hex: :makeup_elixir, optional: false]}]},
  "exjsx": {:hex, :exjsx, "3.2.1", "1bc5bf1e4fd249104178f0885030bcd75a4526f4d2a1e976f4b428d347614f0f", [:mix], [{:jsx, "~> 2.8.0", [hex: :jsx, optional: false]}]},
  "exredis": {:hex, :exredis, "0.3.0", "2530d9d8d5a98c5bc80bf7a14e15440a88abd6457618682f10851e39ebdd518b", [:mix], [{:eredis, ">= 1.0.8", [hex: :eredis, optional: false]}]},
  "gen_stage": {:hex, :gen_stage, "0.14.1", "9d46723fda072d4f4bb31a102560013f7960f5d80ea44dcb96fd6304ed61e7a4", [:mix], []},
  "goldrush": {:hex, :goldrush, "0.1.9", "f06e5d5f1277da5c413e84d5a2924174182fb108dabb39d5ec548b27424cd106", [:rebar3], []},
  "hackney": {:hex, :hackney, "1.15.1", "9f8f471c844b8ce395f7b6d8398139e26ddca9ebc171a8b91342ee15a19963f4", [:rebar3], [{:certifi, "2.5.1", [hex: :certifi, optional: false]}, {:idna, "6.0.0", [hex: :idna, optional: false]}, {:metrics, "1.0.1", [hex: :metrics, optional: false]}, {:mimerl, "~>1.1", [hex: :mimerl, optional: false]}, {:ssl_verify_fun, "1.1.4", [hex: :ssl_verify_fun, optional: false]}]},
  "httpoison": {:hex, :httpoison, "1.5.0", "71ae9f304bdf7f00e9cd1823f275c955bdfc68282bc5eb5c85c3a9ade865d68e", [:mix], [{:hackney, "~> 1.8", [hex: :hackney, optional: false]}]},
  "idna": {:hex, :idna, "6.0.0", "689c46cbcdf3524c44d5f3dde8001f364cd7608a99556d8fbd8239a5798d4c10", [:rebar3], [{:unicode_util_compat, "0.4.1", [hex: :unicode_util_compat, optional: false]}]},
  "jason": {:hex, :jason, "1.1.2", "b03dedea67a99223a2eaf9f1264ce37154564de899fd3d8b9a21b1a6fd64afe7", [:mix], [{:decimal, "~> 1.0", [hex: :decimal, optional: true]}]},
  "json": {:hex, :json, "1.0.2", "fa75ed4f355cd4ab468c25588171f8002a7274d3d5fb376c18822ddfc7c33f1f", [:mix], []},
  "jsx": {:hex, :jsx, "2.9.0", "d2f6e5f069c00266cad52fb15d87c428579ea4d7d73a33669e12679e203329dd", [:mix, :rebar3], []},
  "lager": {:hex, :lager, "3.6.5", "831910109f3fcb503debf658ca0538836b348c58bfbf349a6d48228096ce9040", [:rebar3], [{:goldrush, "0.1.9", [hex: :goldrush, optional: false]}]},
  "makeup": {:hex, :makeup, "0.8.0", "9cf32aea71c7fe0a4b2e9246c2c4978f9070257e5c9ce6d4a28ec450a839b55f", [:mix], [{:nimble_parsec, "~> 0.5.0", [hex: :nimble_parsec, optional: false]}]},
  "makeup_elixir": {:hex, :makeup_elixir, "0.13.0", "be7a477997dcac2e48a9d695ec730b2d22418292675c75aa2d34ba0909dcdeda", [:mix], [{:makeup, "~> 0.8", [hex: :makeup, optional: false]}]},
  "meck": {:hex, :meck, "0.8.13", "ffedb39f99b0b99703b8601c6f17c7f76313ee12de6b646e671e3188401f7866", [:rebar3], []},
  "metrics": {:hex, :metrics, "1.0.1", "25f094dea2cda98213cecc3aeff09e940299d950904393b2a29d191c346a8486", [:rebar3], []},
  "mimerl": {:hex, :mimerl, "1.2.0", "67e2d3f571088d5cfd3e550c383094b47159f3eee8ffa08e64106cdf5e981be3", [:rebar3], []},
  "mock": {:hex, :mock, "0.3.3", "42a433794b1291a9cf1525c6d26b38e039e0d3a360732b5e467bfc77ef26c914", [:mix], [{:meck, "~> 0.8.13", [hex: :meck, optional: false]}]},
  "nimble_parsec": {:hex, :nimble_parsec, "0.5.0", "90e2eca3d0266e5c53f8fbe0079694740b9c91b6747f2b7e3c5d21966bba8300", [:mix], []},
  "parse_trans": {:hex, :parse_trans, "3.3.0", "09765507a3c7590a784615cfd421d101aec25098d50b89d7aa1d66646bc571c1", [:rebar3], []},
  "poison": {:hex, :poison, "3.1.0", "d9eb636610e096f86f25d9a46f35a9facac35609a7591b3be3326e99a0484665", [:mix], []},
  "poolboy": {:hex, :poolboy, "1.5.2", "392b007a1693a64540cead79830443abf5762f5d30cf50bc95cb2c1aaafa006b", [:rebar3], []},
  "rabbit_common": {:hex, :rabbit_common, "3.7.13", "8490bd3839fdd845072474d0db2855751e2f1631d0bd7b3e21de82598b591caf", [:make, :rebar3], [{:jsx, "2.9.0", [hex: :jsx, optional: false]}, {:lager, "3.6.5", [hex: :lager, optional: false]}, {:ranch, "1.7.1", [hex: :ranch, optional: false]}, {:recon, "2.3.6", [hex: :recon, optional: false]}]},
  "ranch": {:hex, :ranch, "1.7.1", "6b1fab51b49196860b733a49c07604465a47bdb78aa10c1c16a3d199f7f8c881", [:rebar3], []},
  "ranch_proxy_protocol": {:hex, :ranch_proxy_protocol, "2.0.0", "623c732025f9d66d123a8ccc1735e5f43d7eb9b20aa09457c9609ef05f7e8ace", [:rebar3], [{:ranch, "1.5.0", [hex: :ranch, optional: false]}]},
  "recon": {:hex, :recon, "2.3.6", "2bcad0cf621fb277cabbb6413159cd3aa30265c2dee42c968697988b30108604", [:rebar3], []},
  "ssl_verify_fun": {:hex, :ssl_verify_fun, "1.1.4", "f0eafff810d2041e93f915ef59899c923f4568f4585904d010387ed74988e77b", [:make, :mix, :rebar3], []},
  "stream_data": {:hex, :stream_data, "0.4.2", "fa86b78c88ec4eaa482c0891350fcc23f19a79059a687760ddcf8680aac2799b", [:mix], []},
  "unicode_util_compat": {:hex, :unicode_util_compat, "0.4.1", "d869e4c68901dd9531385bb0c8c40444ebf624e60b6962d95952775cac5e90cd", [:rebar3], []},
  "yamerl": {:hex, :yamerl, "0.7.0", "e51dba652dce74c20a88294130b48051ebbbb0be7d76f22de064f0f3ccf0aaf5", [:rebar3], []},
  "yaml_elixir": {:hex, :yaml_elixir, "2.1.0", "79ec163e0f379dadf4b0e8b5162567dc1feb96c3cfa793105869e2c616ab4342", [:mix], [{:yamerl, "~> 0.7", [hex: :yamerl, optional: false]}]},
}
